
Microsoft Visual Studio Solution File, Format Version 12.00
# Visual Studio Version 17
VisualStudioVersion = 17.1.32414.318
MinimumVisualStudioVersion = 10.0.40219.1
Project("{FAE04EC0-301F-11D3-BF4B-00C04F79EFBC}") = "EntityFrameworkNet5.ConsoleApp", "EntityFrameworkNet5.ConsoleApp\EntityFrameworkNet5.ConsoleApp.csproj", "{3AE9997C-9FB0-4EA4-98B7-DC051BAFAAF3}"
EndProject
Project("{FAE04EC0-301F-11D3-BF4B-00C04F79EFBC}") = "EntityFrameworkNet5.Data", "EntityFrameworkNet5.Data\EntityFrameworkNet5.Data.csproj", "{F950129A-6D0A-4194-A876-BE2BF8D84214}"
EndProject
Project("{FAE04EC0-301F-11D3-BF4B-00C04F79EFBC}") = "EntityFrameworkNet5.Domain", "EntityFrameworkNet5.Domain\EntityFrameworkNet5.Domain.csproj", "{B9063148-99BE-423C-A389-2DCDA86B523E}"
EndProject
Global
	GlobalSection(SolutionConfigurationPlatforms) = preSolution
		Debug|Any CPU = Debug|Any CPU
		Release|Any CPU = Release|Any CPU
	EndGlobalSection
	GlobalSection(ProjectConfigurationPlatforms) = postSolution
		{3AE9997C-9FB0-4EA4-98B7-DC051BAFAAF3}.Debug|Any CPU.ActiveCfg = Debug|Any CPU
		{3AE9997C-9FB0-4EA4-98B7-DC051BAFAAF3}.Debug|Any CPU.Build.0 = Debug|Any CPU
		{3AE9997C-9FB0-4EA4-98B7-DC051BAFAAF3}.Release|Any CPU.ActiveCfg = Release|Any CPU
		{3AE9997C-9FB0-4EA4-98B7-DC051BAFAAF3}.Release|Any CPU.Build.0 = Release|Any CPU
		{F950129A-6D0A-4194-A876-BE2BF8D84214}.Debug|Any CPU.ActiveCfg = Debug|Any CPU
		{F950129A-6D0A-4194-A876-BE2BF8D84214}.Debug|Any CPU.Build.0 = Debug|Any CPU
		{F950129A-6D0A-4194-A876-BE2BF8D84214}.Release|Any CPU.ActiveCfg = Release|Any CPU
		{F950129A-6D0A-4194-A876-BE2BF8D84214}.Release|Any CPU.Build.0 = Release|Any CPU
		{B9063148-99BE-423C-A389-2DCDA86B523E}.Debug|Any CPU.ActiveCfg = Debug|Any CPU
		{B9063148-99BE-423C-A389-2DCDA86B523E}.Debug|Any CPU.Build.0 = Debug|Any CPU
		{B9063148-99BE-423C-A389-2DCDA86B523E}.Release|Any CPU.ActiveCfg = Release|Any CPU
		{B9063148-99BE-423C-A389-2DCDA86B523E}.Release|Any CPU.Build.0 = Release|Any CPU
	EndGlobalSection
	GlobalSection(SolutionProperties) = preSolution
		HideSolutionNode = FALSE
	EndGlobalSection
	GlobalSection(ExtensibilityGlobals) = postSolution
		SolutionGuid = {5F240294-6CD7-4346-B6CB-9B995424165A}
	EndGlobalSection
EndGlobal
